{
  "version": 1,
  "dependencies": {
    "net10.0-windows7.0": {
      "CefSharp.Common.NETCore": {
        "type": "Direct",
        "requested": "[147.0.100, )",
        "resolved": "147.0.100",
        "contentHash": "tJhTM56zUpXUfalPHuI0PXKZuuJxUGJqGdr3K3nWEECmYkv1KqBSiEjXGXccWeBo8qEahjxwo3ngDNdIKXhmAA==",
        "dependencies": {
          "chromiumembeddedframework.runtime": "[147.0.10]"
        }
      },
      "CefSharp.OffScreen.NETCore": {
        "type": "Direct",
        "requested": "[147.0.100, )",
        "resolved": "147.0.100",
        "contentHash": "eYkd6J7rPGAttEAZvhKTJX3SHodfSAOdeZLh/A/VYc65AfWnEK2UIorjgD0SNSoCyg5BYXX57M/ADu5sgVyHIA==",
        "dependencies": {
          "CefSharp.Common.NETCore": "[147.0.100]"
        }
      },
      "SharedMemory": {
        "type": "Direct",
        "requested": "[2.3.2, )",
        "resolved": "2.3.2",
        "contentHash": "hH34Y9xzvdJpgf/vwyWE/zYlY4BdQS3Zolfdg+8hV9A+UQRsBWyBS62kcLO55mF4etmMoL0PswEbT3lVXJSlFw=="
      },
      "chromiumembeddedframework.runtime": {
        "type": "Transitive",
        "resolved": "147.0.10",
        "contentHash": "AuudjXcJe1ZHyo/6r007Y2Oibf4IDo9HILaUFAdENvdRFDY25kL2KR0y7PUSozTw+8wxlGNdoDQ2GI8klUzmjw=="
      },
      "FlatSharp.Runtime": {
        "type": "Transitive",
        "resolved": "7.9.0",
        "contentHash": "Bm8+WqzEsWNpxqrD5x4x+zQ8dyINlToCreM5FI2oNSfUVc9U9ZB+qztX/jd8rlJb3r0vBSlPwVLpw0xBtPa3Vw=="
      },
      "browsingway.common": {
        "type": "Project",
        "dependencies": {
          "FlatSharp.Runtime": "[7.9.0, )",
          "SharedMemory": "[2.3.2, )"
        }
      }
    },
    "net10.0-windows7.0/win-x64": {
      "CefSharp.Common.NETCore": {
        "type": "Direct",
        "requested": "[147.0.100, )",
        "resolved": "147.0.100",
        "contentHash": "tJhTM56zUpXUfalPHuI0PXKZuuJxUGJqGdr3K3nWEECmYkv1KqBSiEjXGXccWeBo8qEahjxwo3ngDNdIKXhmAA==",
        "dependencies": {
          "chromiumembeddedframework.runtime": "[147.0.10]"
        }
      },
      "chromiumembeddedframework.runtime": {
        "type": "Transitive",
        "resolved": "147.0.10",
        "contentHash": "AuudjXcJe1ZHyo/6r007Y2Oibf4IDo9HILaUFAdENvdRFDY25kL2KR0y7PUSozTw+8wxlGNdoDQ2GI8klUzmjw==",
        "dependencies": {
          "chromiumembeddedframework.runtime.win-x64": "147.0.10"
        }
      },
      "chromiumembeddedframework.runtime.win-x64": {
        "type": "Transitive",
        "resolved": "147.0.10",
        "contentHash": "Oolc8ND6CGy/zXenYFSHhvKeWegEagOkH0aDG6FJvz69sMHwa+3N8raHYOyOiKQPKjZ1ijM1soGKZYEiG8m2DA=="
      }
    }
  }
}